
Microsoft Visual Studio Solution File, Format Version 12.00
# Visual Studio Version 17
VisualStudioVersion = 17.0.31903.59
MinimumVisualStudioVersion = 10.0.40219.1
Project("{2150E333-8FDC-42A3-9474-1A3956D46DE8}") = "src", "src", "{827E0CD3-B72D-47B6-A68D-7590B98EB39B}"
EndProject
Project("{FAE04EC0-301F-11D3-BF4B-00C04F79EFBC}") = "MOE.Sdk", "src\MOE.Sdk\MOE.Sdk.csproj", "{D4A95482-ECEE-4327-9D40-E1A7FE324A67}"
EndProject
Project("{FAE04EC0-301F-11D3-BF4B-00C04F79EFBC}") = "MOE.Core", "src\MOE.Core\MOE.Core.csproj", "{503FB8ED-32C1-41FC-90CE-653CD0880D86}"
EndProject
Project("{FAE04EC0-301F-11D3-BF4B-00C04F79EFBC}") = "MOE.Persistence", "src\MOE.Persistence\MOE.Persistence.csproj", "{39A474A0-EC8A-442A-81DC-D186150EDD61}"
EndProject
Project("{FAE04EC0-301F-11D3-BF4B-00C04F79EFBC}") = "MOE.Security", "src\MOE.Security\MOE.Security.csproj", "{9BEBCA9D-9869-45D4-91F7-64887175A399}"
EndProject
Project("{FAE04EC0-301F-11D3-BF4B-00C04F79EFBC}") = "MOE.Api", "src\MOE.Api\MOE.Api.csproj", "{0F43F9D3-FACA-435E-B644-3CCB47BDBFCB}"
EndProject
Project("{FAE04EC0-301F-11D3-BF4B-00C04F79EFBC}") = "MOE.Host", "src\MOE.Host\MOE.Host.csproj", "{6AAB59A4-E853-4DBC-AF96-5AE20D736250}"
EndProject
Project("{2150E333-8FDC-42A3-9474-1A3956D46DE8}") = "tests", "tests", "{0AB3BF05-4346-4AA6-1389-037BE0695223}"
EndProject
Project("{FAE04EC0-301F-11D3-BF4B-00C04F79EFBC}") = "MOE.Sdk.Tests", "tests\MOE.Sdk.Tests\MOE.Sdk.Tests.csproj", "{E69F1986-6BF8-4658-A083-B3CF5EB54692}"
EndProject
Project("{FAE04EC0-301F-11D3-BF4B-00C04F79EFBC}") = "MOE.Core.Tests", "tests\MOE.Core.Tests\MOE.Core.Tests.csproj", "{10EEA8C1-4346-4DC0-86A6-2817C4A14692}"
EndProject
Project("{FAE04EC0-301F-11D3-BF4B-00C04F79EFBC}") = "MOE.Security.Tests", "tests\MOE.Security.Tests\MOE.Security.Tests.csproj", "{271892FA-CA36-4F24-BDE2-2AD3801E34FD}"
EndProject
Project("{2150E333-8FDC-42A3-9474-1A3956D46DE8}") = "samples", "samples", "{5D20AA90-6969-D8BD-9DCD-8634F4692FDA}"
EndProject
Project("{FAE04EC0-301F-11D3-BF4B-00C04F79EFBC}") = "MOE.SamplePlugin", "samples\MOE.SamplePlugin\MOE.SamplePlugin.csproj", "{91D049BE-8B28-46D6-88A2-592201F2B2B4}"
EndProject
Global
	GlobalSection(SolutionConfigurationPlatforms) = preSolution
		Debug|Any CPU = Debug|Any CPU
		Debug|x64 = Debug|x64
		Debug|x86 = Debug|x86
		Release|Any CPU = Release|Any CPU
		Release|x64 = Release|x64
		Release|x86 = Release|x86
	EndGlobalSection
	GlobalSection(ProjectConfigurationPlatforms) = postSolution
		{D4A95482-ECEE-4327-9D40-E1A7FE324A67}.Debug|Any CPU.ActiveCfg = Debug|Any CPU
		{D4A95482-ECEE-4327-9D40-E1A7FE324A67}.Debug|Any CPU.Build.0 = Debug|Any CPU
		{D4A95482-ECEE-4327-9D40-E1A7FE324A67}.Debug|x64.ActiveCfg = Debug|Any CPU
		{D4A95482-ECEE-4327-9D40-E1A7FE324A67}.Debug|x64.Build.0 = Debug|Any CPU
		{D4A95482-ECEE-4327-9D40-E1A7FE324A67}.Debug|x86.ActiveCfg = Debug|Any CPU
		{D4A95482-ECEE-4327-9D40-E1A7FE324A67}.Debug|x86.Build.0 = Debug|Any CPU
		{D4A95482-ECEE-4327-9D40-E1A7FE324A67}.Release|Any CPU.ActiveCfg = Release|Any CPU
		{D4A95482-ECEE-4327-9D40-E1A7FE324A67}.Release|Any CPU.Build.0 = Release|Any CPU
		{D4A95482-ECEE-4327-9D40-E1A7FE324A67}.Release|x64.ActiveCfg = Release|Any CPU
		{D4A95482-ECEE-4327-9D40-E1A7FE324A67}.Release|x64.Build.0 = Release|Any CPU
		{D4A95482-ECEE-4327-9D40-E1A7FE324A67}.Release|x86.ActiveCfg = Release|Any CPU
		{D4A95482-ECEE-4327-9D40-E1A7FE324A67}.Release|x86.Build.0 = Release|Any CPU
		{503FB8ED-32C1-41FC-90CE-653CD0880D86}.Debug|Any CPU.ActiveCfg = Debug|Any CPU
		{503FB8ED-32C1-41FC-90CE-653CD0880D86}.Debug|Any CPU.Build.0 = Debug|Any CPU
		{503FB8ED-32C1-41FC-90CE-653CD0880D86}.Debug|x64.ActiveCfg = Debug|Any CPU
		{503FB8ED-32C1-41FC-90CE-653CD0880D86}.Debug|x64.Build.0 = Debug|Any CPU
		{503FB8ED-32C1-41FC-90CE-653CD0880D86}.Debug|x86.ActiveCfg = Debug|Any CPU
		{503FB8ED-32C1-41FC-90CE-653CD0880D86}.Debug|x86.Build.0 = Debug|Any CPU
		{503FB8ED-32C1-41FC-90CE-653CD0880D86}.Release|Any CPU.ActiveCfg = Release|Any CPU
		{503FB8ED-32C1-41FC-90CE-653CD0880D86}.Release|Any CPU.Build.0 = Release|Any CPU
		{503FB8ED-32C1-41FC-90CE-653CD0880D86}.Release|x64.ActiveCfg = Release|Any CPU
		{503FB8ED-32C1-41FC-90CE-653CD0880D86}.Release|x64.Build.0 = Release|Any CPU
		{503FB8ED-32C1-41FC-90CE-653CD0880D86}.Release|x86.ActiveCfg = Release|Any CPU
		{503FB8ED-32C1-41FC-90CE-653CD0880D86}.Release|x86.Build.0 = Release|Any CPU
		{39A474A0-EC8A-442A-81DC-D186150EDD61}.Debug|Any CPU.ActiveCfg = Debug|Any CPU
		{39A474A0-EC8A-442A-81DC-D186150EDD61}.Debug|Any CPU.Build.0 = Debug|Any CPU
		{39A474A0-EC8A-442A-81DC-D186150EDD61}.Debug|x64.ActiveCfg = Debug|Any CPU
		{39A474A0-EC8A-442A-81DC-D186150EDD61}.Debug|x64.Build.0 = Debug|Any CPU
		{39A474A0-EC8A-442A-81DC-D186150EDD61}.Debug|x86.ActiveCfg = Debug|Any CPU
		{39A474A0-EC8A-442A-81DC-D186150EDD61}.Debug|x86.Build.0 = Debug|Any CPU
		{39A474A0-EC8A-442A-81DC-D186150EDD61}.Release|Any CPU.ActiveCfg = Release|Any CPU
		{39A474A0-EC8A-442A-81DC-D186150EDD61}.Release|Any CPU.Build.0 = Release|Any CPU
		{39A474A0-EC8A-442A-81DC-D186150EDD61}.Release|x64.ActiveCfg = Release|Any CPU
		{39A474A0-EC8A-442A-81DC-D186150EDD61}.Release|x64.Build.0 = Release|Any CPU
		{39A474A0-EC8A-442A-81DC-D186150EDD61}.Release|x86.ActiveCfg = Release|Any CPU
		{39A474A0-EC8A-442A-81DC-D186150EDD61}.Release|x86.Build.0 = Release|Any CPU
		{9BEBCA9D-9869-45D4-91F7-64887175A399}.Debug|Any CPU.ActiveCfg = Debug|Any CPU
		{9BEBCA9D-9869-45D4-91F7-64887175A399}.Debug|Any CPU.Build.0 = Debug|Any CPU
		{9BEBCA9D-9869-45D4-91F7-64887175A399}.Debug|x64.ActiveCfg = Debug|Any CPU
		{9BEBCA9D-9869-45D4-91F7-64887175A399}.Debug|x64.Build.0 = Debug|Any CPU
		{9BEBCA9D-9869-45D4-91F7-64887175A399}.Debug|x86.ActiveCfg = Debug|Any CPU
		{9BEBCA9D-9869-45D4-91F7-64887175A399}.Debug|x86.Build.0 = Debug|Any CPU
		{9BEBCA9D-9869-45D4-91F7-64887175A399}.Release|Any CPU.ActiveCfg = Release|Any CPU
		{9BEBCA9D-9869-45D4-91F7-64887175A399}.Release|Any CPU.Build.0 = Release|Any CPU
		{9BEBCA9D-9869-45D4-91F7-64887175A399}.Release|x64.ActiveCfg = Release|Any CPU
		{9BEBCA9D-9869-45D4-91F7-64887175A399}.Release|x64.Build.0 = Release|Any CPU
		{9BEBCA9D-9869-45D4-91F7-64887175A399}.Release|x86.ActiveCfg = Release|Any CPU
		{9BEBCA9D-9869-45D4-91F7-64887175A399}.Release|x86.Build.0 = Release|Any CPU
		{0F43F9D3-FACA-435E-B644-3CCB47BDBFCB}.Debug|Any CPU.ActiveCfg = Debug|Any CPU
		{0F43F9D3-FACA-435E-B644-3CCB47BDBFCB}.Debug|Any CPU.Build.0 = Debug|Any CPU
		{0F43F9D3-FACA-435E-B644-3CCB47BDBFCB}.Debug|x64.ActiveCfg = Debug|Any CPU
		{0F43F9D3-FACA-435E-B644-3CCB47BDBFCB}.Debug|x64.Build.0 = Debug|Any CPU
		{0F43F9D3-FACA-435E-B644-3CCB47BDBFCB}.Debug|x86.ActiveCfg = Debug|Any CPU
		{0F43F9D3-FACA-435E-B644-3CCB47BDBFCB}.Debug|x86.Build.0 = Debug|Any CPU
		{0F43F9D3-FACA-435E-B644-3CCB47BDBFCB}.Release|Any CPU.ActiveCfg = Release|Any CPU
		{0F43F9D3-FACA-435E-B644-3CCB47BDBFCB}.Release|Any CPU.Build.0 = Release|Any CPU
		{0F43F9D3-FACA-435E-B644-3CCB47BDBFCB}.Release|x64.ActiveCfg = Release|Any CPU
		{0F43F9D3-FACA-435E-B644-3CCB47BDBFCB}.Release|x64.Build.0 = Release|Any CPU
		{0F43F9D3-FACA-435E-B644-3CCB47BDBFCB}.Release|x86.ActiveCfg = Release|Any CPU
		{0F43F9D3-FACA-435E-B644-3CCB47BDBFCB}.Release|x86.Build.0 = Release|Any CPU
		{6AAB59A4-E853-4DBC-AF96-5AE20D736250}.Debug|Any CPU.ActiveCfg = Debug|Any CPU
		{6AAB59A4-E853-4DBC-AF96-5AE20D736250}.Debug|Any CPU.Build.0 = Debug|Any CPU
		{6AAB59A4-E853-4DBC-AF96-5AE20D736250}.Debug|x64.ActiveCfg = Debug|Any CPU
		{6AAB59A4-E853-4DBC-AF96-5AE20D736250}.Debug|x64.Build.0 = Debug|Any CPU
		{6AAB59A4-E853-4DBC-AF96-5AE20D736250}.Debug|x86.ActiveCfg = Debug|Any CPU
		{6AAB59A4-E853-4DBC-AF96-5AE20D736250}.Debug|x86.Build.0 = Debug|Any CPU
		{6AAB59A4-E853-4DBC-AF96-5AE20D736250}.Release|Any CPU.ActiveCfg = Release|Any CPU
		{6AAB59A4-E853-4DBC-AF96-5AE20D736250}.Release|Any CPU.Build.0 = Release|Any CPU
		{6AAB59A4-E853-4DBC-AF96-5AE20D736250}.Release|x64.ActiveCfg = Release|Any CPU
		{6AAB59A4-E853-4DBC-AF96-5AE20D736250}.Release|x64.Build.0 = Release|Any CPU
		{6AAB59A4-E853-4DBC-AF96-5AE20D736250}.Release|x86.ActiveCfg = Release|Any CPU
		{6AAB59A4-E853-4DBC-AF96-5AE20D736250}.Release|x86.Build.0 = Release|Any CPU
		{E69F1986-6BF8-4658-A083-B3CF5EB54692}.Debug|Any CPU.ActiveCfg = Debug|Any CPU
		{E69F1986-6BF8-4658-A083-B3CF5EB54692}.Debug|Any CPU.Build.0 = Debug|Any CPU
		{E69F1986-6BF8-4658-A083-B3CF5EB54692}.Debug|x64.ActiveCfg = Debug|Any CPU
		{E69F1986-6BF8-4658-A083-B3CF5EB54692}.Debug|x64.Build.0 = Debug|Any CPU
		{E69F1986-6BF8-4658-A083-B3CF5EB54692}.Debug|x86.ActiveCfg = Debug|Any CPU
		{E69F1986-6BF8-4658-A083-B3CF5EB54692}.Debug|x86.Build.0 = Debug|Any CPU
		{E69F1986-6BF8-4658-A083-B3CF5EB54692}.Release|Any CPU.ActiveCfg = Release|Any CPU
		{E69F1986-6BF8-4658-A083-B3CF5EB54692}.Release|Any CPU.Build.0 = Release|Any CPU
		{E69F1986-6BF8-4658-A083-B3CF5EB54692}.Release|x64.ActiveCfg = Release|Any CPU
		{E69F1986-6BF8-4658-A083-B3CF5EB54692}.Release|x64.Build.0 = Release|Any CPU
		{E69F1986-6BF8-4658-A083-B3CF5EB54692}.Release|x86.ActiveCfg = Release|Any CPU
		{E69F1986-6BF8-4658-A083-B3CF5EB54692}.Release|x86.Build.0 = Release|Any CPU
		{10EEA8C1-4346-4DC0-86A6-2817C4A14692}.Debug|Any CPU.ActiveCfg = Debug|Any CPU
		{10EEA8C1-4346-4DC0-86A6-2817C4A14692}.Debug|Any CPU.Build.0 = Debug|Any CPU
		{10EEA8C1-4346-4DC0-86A6-2817C4A14692}.Debug|x64.ActiveCfg = Debug|Any CPU
		{10EEA8C1-4346-4DC0-86A6-2817C4A14692}.Debug|x64.Build.0 = Debug|Any CPU
		{10EEA8C1-4346-4DC0-86A6-2817C4A14692}.Debug|x86.ActiveCfg = Debug|Any CPU
		{10EEA8C1-4346-4DC0-86A6-2817C4A14692}.Debug|x86.Build.0 = Debug|Any CPU
		{10EEA8C1-4346-4DC0-86A6-2817C4A14692}.Release|Any CPU.ActiveCfg = Release|Any CPU
		{10EEA8C1-4346-4DC0-86A6-2817C4A14692}.Release|Any CPU.Build.0 = Release|Any CPU
		{10EEA8C1-4346-4DC0-86A6-2817C4A14692}.Release|x64.ActiveCfg = Release|Any CPU
		{10EEA8C1-4346-4DC0-86A6-2817C4A14692}.Release|x64.Build.0 = Release|Any CPU
		{10EEA8C1-4346-4DC0-86A6-2817C4A14692}.Release|x86.ActiveCfg = Release|Any CPU
		{10EEA8C1-4346-4DC0-86A6-2817C4A14692}.Release|x86.Build.0 = Release|Any CPU
		{271892FA-CA36-4F24-BDE2-2AD3801E34FD}.Debug|Any CPU.ActiveCfg = Debug|Any CPU
		{271892FA-CA36-4F24-BDE2-2AD3801E34FD}.Debug|Any CPU.Build.0 = Debug|Any CPU
		{271892FA-CA36-4F24-BDE2-2AD3801E34FD}.Debug|x64.ActiveCfg = Debug|Any CPU
		{271892FA-CA36-4F24-BDE2-2AD3801E34FD}.Debug|x64.Build.0 = Debug|Any CPU
		{271892FA-CA36-4F24-BDE2-2AD3801E34FD}.Debug|x86.ActiveCfg = Debug|Any CPU
		{271892FA-CA36-4F24-BDE2-2AD3801E34FD}.Debug|x86.Build.0 = Debug|Any CPU
		{271892FA-CA36-4F24-BDE2-2AD3801E34FD}.Release|Any CPU.ActiveCfg = Release|Any CPU
		{271892FA-CA36-4F24-BDE2-2AD3801E34FD}.Release|Any CPU.Build.0 = Release|Any CPU
		{271892FA-CA36-4F24-BDE2-2AD3801E34FD}.Release|x64.ActiveCfg = Release|Any CPU
		{271892FA-CA36-4F24-BDE2-2AD3801E34FD}.Release|x64.Build.0 = Release|Any CPU
		{271892FA-CA36-4F24-BDE2-2AD3801E34FD}.Release|x86.ActiveCfg = Release|Any CPU
		{271892FA-CA36-4F24-BDE2-2AD3801E34FD}.Release|x86.Build.0 = Release|Any CPU
		{91D049BE-8B28-46D6-88A2-592201F2B2B4}.Debug|Any CPU.ActiveCfg = Debug|Any CPU
		{91D049BE-8B28-46D6-88A2-592201F2B2B4}.Debug|Any CPU.Build.0 = Debug|Any CPU
		{91D049BE-8B28-46D6-88A2-592201F2B2B4}.Debug|x64.ActiveCfg = Debug|Any CPU
		{91D049BE-8B28-46D6-88A2-592201F2B2B4}.Debug|x64.Build.0 = Debug|Any CPU
		{91D049BE-8B28-46D6-88A2-592201F2B2B4}.Debug|x86.ActiveCfg = Debug|Any CPU
		{91D049BE-8B28-46D6-88A2-592201F2B2B4}.Debug|x86.Build.0 = Debug|Any CPU
		{91D049BE-8B28-46D6-88A2-592201F2B2B4}.Release|Any CPU.ActiveCfg = Release|Any CPU
		{91D049BE-8B28-46D6-88A2-592201F2B2B4}.Release|Any CPU.Build.0 = Release|Any CPU
		{91D049BE-8B28-46D6-88A2-592201F2B2B4}.Release|x64.ActiveCfg = Release|Any CPU
		{91D049BE-8B28-46D6-88A2-592201F2B2B4}.Release|x64.Build.0 = Release|Any CPU
		{91D049BE-8B28-46D6-88A2-592201F2B2B4}.Release|x86.ActiveCfg = Release|Any CPU
		{91D049BE-8B28-46D6-88A2-592201F2B2B4}.Release|x86.Build.0 = Release|Any CPU
	EndGlobalSection
	GlobalSection(SolutionProperties) = preSolution
		HideSolutionNode = FALSE
	EndGlobalSection
	GlobalSection(NestedProjects) = preSolution
		{D4A95482-ECEE-4327-9D40-E1A7FE324A67} = {827E0CD3-B72D-47B6-A68D-7590B98EB39B}
		{503FB8ED-32C1-41FC-90CE-653CD0880D86} = {827E0CD3-B72D-47B6-A68D-7590B98EB39B}
		{39A474A0-EC8A-442A-81DC-D186150EDD61} = {827E0CD3-B72D-47B6-A68D-7590B98EB39B}
		{9BEBCA9D-9869-45D4-91F7-64887175A399} = {827E0CD3-B72D-47B6-A68D-7590B98EB39B}
		{0F43F9D3-FACA-435E-B644-3CCB47BDBFCB} = {827E0CD3-B72D-47B6-A68D-7590B98EB39B}
		{6AAB59A4-E853-4DBC-AF96-5AE20D736250} = {827E0CD3-B72D-47B6-A68D-7590B98EB39B}
		{E69F1986-6BF8-4658-A083-B3CF5EB54692} = {0AB3BF05-4346-4AA6-1389-037BE0695223}
		{10EEA8C1-4346-4DC0-86A6-2817C4A14692} = {0AB3BF05-4346-4AA6-1389-037BE0695223}
		{271892FA-CA36-4F24-BDE2-2AD3801E34FD} = {0AB3BF05-4346-4AA6-1389-037BE0695223}
		{91D049BE-8B28-46D6-88A2-592201F2B2B4} = {5D20AA90-6969-D8BD-9DCD-8634F4692FDA}
	EndGlobalSection
EndGlobal
